
Microsoft Visual Studio Solution File, Format Version 12.00
# Visual Studio Version 16
VisualStudioVersion = 16.0.30711.63
MinimumVisualStudioVersion = 10.0.40219.1
Project("{FAE04EC0-301F-11D3-BF4B-00C04F79EFBC}") = "DesginProject", "DesginProject.csproj", "{7F991289-B1CE-42C5-99B1-E5075FF7A01B}"
EndProject
Global
	GlobalSection(SolutionConfigurationPlatforms) = preSolution
		Debug|Any CPU = Debug|Any CPU
		Release|Any CPU = Release|Any CPU
	EndGlobalSection
	GlobalSection(ProjectConfigurationPlatforms) = postSolution
		{7F991289-B1CE-42C5-99B1-E5075FF7A01B}.Debug|Any CPU.ActiveCfg = Debug|Any CPU
		{7F991289-B1CE-42C5-99B1-E5075FF7A01B}.Debug|Any CPU.Build.0 = Debug|Any CPU
		{7F991289-B1CE-42C5-99B1-E5075FF7A01B}.Release|Any CPU.ActiveCfg = Release|Any CPU
		{7F991289-B1CE-42C5-99B1-E5075FF7A01B}.Release|Any CPU.Build.0 = Release|Any CPU
	EndGlobalSection
	GlobalSection(SolutionProperties) = preSolution
		HideSolutionNode = FALSE
	EndGlobalSection
	GlobalSection(ExtensibilityGlobals) = postSolution
		SolutionGuid = {5F40A98D-B84C-4972-A545-D564345CB43D}
	EndGlobalSection
EndGlobal
