
Microsoft Visual Studio Solution File, Format Version 12.00
# Visual Studio Version 16
VisualStudioVersion = 16.0.30804.86
MinimumVisualStudioVersion = 10.0.40219.1
Project("{FAE04EC0-301F-11D3-BF4B-00C04F79EFBC}") = "AzureWebAppExample", "AzureWebAppExample.csproj", "{2ABFCD66-0917-4A8A-AA76-CF3542516653}"
EndProject
Global
	GlobalSection(SolutionConfigurationPlatforms) = preSolution
		Debug|Any CPU = Debug|Any CPU
		Release|Any CPU = Release|Any CPU
	EndGlobalSection
	GlobalSection(ProjectConfigurationPlatforms) = postSolution
		{2ABFCD66-0917-4A8A-AA76-CF3542516653}.Debug|Any CPU.ActiveCfg = Debug|Any CPU
		{2ABFCD66-0917-4A8A-AA76-CF3542516653}.Debug|Any CPU.Build.0 = Debug|Any CPU
		{2ABFCD66-0917-4A8A-AA76-CF3542516653}.Release|Any CPU.ActiveCfg = Release|Any CPU
		{2ABFCD66-0917-4A8A-AA76-CF3542516653}.Release|Any CPU.Build.0 = Release|Any CPU
	EndGlobalSection
	GlobalSection(SolutionProperties) = preSolution
		HideSolutionNode = FALSE
	EndGlobalSection
	GlobalSection(ExtensibilityGlobals) = postSolution
		SolutionGuid = {45E68F52-318C-4452-95A0-B3C6D88DB37E}
	EndGlobalSection
EndGlobal
